
Microsoft Visual Studio Solution File, Format Version 11.00
# Visual Studio 2010
Project("{FAE04EC0-301F-11D3-BF4B-00C04F79EFBC}") = "EXlecau_33614", "Assembly-CSharp.csproj", "{207544E9-9315-852F-D5C9-44BFEC5CD262}"
EndProject
Global
	GlobalSection(SolutionConfigurationPlatforms) = preSolution
		Debug|Any CPU = Debug|Any CPU
		Release|Any CPU = Release|Any CPU
	EndGlobalSection
	GlobalSection(ProjectConfigurationPlatforms) = postSolution
		{207544E9-9315-852F-D5C9-44BFEC5CD262}.Debug|Any CPU.ActiveCfg = Debug|Any CPU
		{207544E9-9315-852F-D5C9-44BFEC5CD262}.Debug|Any CPU.Build.0 = Debug|Any CPU
		{207544E9-9315-852F-D5C9-44BFEC5CD262}.Release|Any CPU.ActiveCfg = Release|Any CPU
		{207544E9-9315-852F-D5C9-44BFEC5CD262}.Release|Any CPU.Build.0 = Release|Any CPU
	EndGlobalSection
	GlobalSection(SolutionProperties) = preSolution
		HideSolutionNode = FALSE
	EndGlobalSection
	GlobalSection(MonoDevelopProperties) = preSolution
		StartupItem = Assembly-CSharp.csproj
	EndGlobalSection
EndGlobal
